// !$*UTF8*$!
{
	archiveVersion = 1;
	classes = {
	};
	objectVersion = 50;
	objects = {

/* Begin PBXBuildFile section */
		4D384765237365C00014902D /* MapCollectionCell.swift in Sources */ = {isa = PBXBuildFile; fileRef = 4D384764237365C00014902D /* MapCollectionCell.swift */; };
		4D40F0D52373802A00B7C04B /* VenueTableVC.swift in Sources */ = {isa = PBXBuildFile; fileRef = 4D40F0D42373802A00B7C04B /* VenueTableVC.swift */; };
		4D40F0D7237380AD00B7C04B /* VenueTableCell.swift in Sources */ = {isa = PBXBuildFile; fileRef = 4D40F0D6237380AD00B7C04B /* VenueTableCell.swift */; };
		4D40F11123748E7700B7C04B /* PersistenceHelper.swift in Sources */ = {isa = PBXBuildFile; fileRef = 4D40F11023748E7700B7C04B /* PersistenceHelper.swift */; };
		4D40F11323749B1600B7C04B /* DetailVC.swift in Sources */ = {isa = PBXBuildFile; fileRef = 4D40F11223749B1600B7C04B /* DetailVC.swift */; };
		4D40F11523749E4C00B7C04B /* Collections.swift in Sources */ = {isa = PBXBuildFile; fileRef = 4D40F11423749E4C00B7C04B /* Collections.swift */; };
		4D40F11723749F5C00B7C04B /* CollectionPersistence.swift in Sources */ = {isa = PBXBuildFile; fileRef = 4D40F11623749F5C00B7C04B /* CollectionPersistence.swift */; };
		4D53A3142374C0120002D7B7 /* AddOrCreateVC.swift in Sources */ = {isa = PBXBuildFile; fileRef = 4D53A3132374C0120002D7B7 /* AddOrCreateVC.swift */; };
		4D53A3162374CA4F0002D7B7 /* CollectionsCell.swift in Sources */ = {isa = PBXBuildFile; fileRef = 4D53A3152374CA4F0002D7B7 /* CollectionsCell.swift */; };
		4D67DE4D2370983F008D1167 /* AppDelegate.swift in Sources */ = {isa = PBXBuildFile; fileRef = 4D67DE4C2370983F008D1167 /* AppDelegate.swift */; };
		4D67DE4F2370983F008D1167 /* SceneDelegate.swift in Sources */ = {isa = PBXBuildFile; fileRef = 4D67DE4E2370983F008D1167 /* SceneDelegate.swift */; };
		4D67DE512370983F008D1167 /* ViewController.swift in Sources */ = {isa = PBXBuildFile; fileRef = 4D67DE502370983F008D1167 /* ViewController.swift */; };
		4D67DE542370983F008D1167 /* Main.storyboard in Resources */ = {isa = PBXBuildFile; fileRef = 4D67DE522370983F008D1167 /* Main.storyboard */; };
		4D67DE5623709841008D1167 /* Assets.xcassets in Resources */ = {isa = PBXBuildFile; fileRef = 4D67DE5523709841008D1167 /* Assets.xcassets */; };
		4D67DE5923709841008D1167 /* LaunchScreen.storyboard in Resources */ = {isa = PBXBuildFile; fileRef = 4D67DE5723709841008D1167 /* LaunchScreen.storyboard */; };
		4D67DE6423709841008D1167 /* FoursquaresMapTests.swift in Sources */ = {isa = PBXBuildFile; fileRef = 4D67DE6323709841008D1167 /* FoursquaresMapTests.swift */; };
		4D67DE6F237098D2008D1167 /* Secrets.swift in Sources */ = {isa = PBXBuildFile; fileRef = 4D67DE6E237098D2008D1167 /* Secrets.swift */; };
		4D67DE742370AF01008D1167 /* CollectionsViewController.swift in Sources */ = {isa = PBXBuildFile; fileRef = 4D67DE732370AF01008D1167 /* CollectionsViewController.swift */; };
		4DBF74242370C1E400B10DA1 /* AppError.swift in Sources */ = {isa = PBXBuildFile; fileRef = 4DBF74232370C1E400B10DA1 /* AppError.swift */; };
		4DBF74262370C21A00B10DA1 /* NetworkHelper.swift in Sources */ = {isa = PBXBuildFile; fileRef = 4DBF74252370C21A00B10DA1 /* NetworkHelper.swift */; };
		4DBF74282370C26300B10DA1 /* FourSquareVenues.swift in Sources */ = {isa = PBXBuildFile; fileRef = 4DBF74272370C26300B10DA1 /* FourSquareVenues.swift */; };
		4DBF742A2370C34400B10DA1 /* VenuePhotos.swift in Sources */ = {isa = PBXBuildFile; fileRef = 4DBF74292370C34400B10DA1 /* VenuePhotos.swift */; };
		4DBF742C2370C48400B10DA1 /* FourSquaresAPIClient.swift in Sources */ = {isa = PBXBuildFile; fileRef = 4DBF742B2370C48400B10DA1 /* FourSquaresAPIClient.swift */; };
		4DDBEF292375FC9D00698A7E /* Protocol.swift in Sources */ = {isa = PBXBuildFile; fileRef = 4DDBEF282375FC9D00698A7E /* Protocol.swift */; };
		4DDBEF2A2375FFD800698A7E /* Collections.swift in Sources */ = {isa = PBXBuildFile; fileRef = 4D40F11423749E4C00B7C04B /* Collections.swift */; };
		4DDBEF2B2375FFEA00698A7E /* FourSquareVenues.swift in Sources */ = {isa = PBXBuildFile; fileRef = 4DBF74272370C26300B10DA1 /* FourSquareVenues.swift */; };
/* End PBXBuildFile section */

/* Begin PBXContainerItemProxy section */
		4D67DE6023709841008D1167 /* PBXContainerItemProxy */ = {
			isa = PBXContainerItemProxy;
			containerPortal = 4D67DE412370983F008D1167 /* Project object */;
			proxyType = 1;
			remoteGlobalIDString = 4D67DE482370983F008D1167;
			remoteInfo = FoursquaresMap;
		};
/* End PBXContainerItemProxy section */

/* Begin PBXFileReference section */
		4D384764237365C00014902D /* MapCollectionCell.swift */ = {isa = PBXFileReference; lastKnownFileType = sourcecode.swift; path = MapCollectionCell.swift; sourceTree = "<group>"; };
		4D40F0D42373802A00B7C04B /* VenueTableVC.swift */ = {isa = PBXFileReference; lastKnownFileType = sourcecode.swift; path = VenueTableVC.swift; sourceTree = "<group>"; };
		4D40F0D6237380AD00B7C04B /* VenueTableCell.swift */ = {isa = PBXFileReference; lastKnownFileType = sourcecode.swift; path = VenueTableCell.swift; sourceTree = "<group>"; };
		4D40F11023748E7700B7C04B /* PersistenceHelper.swift */ = {isa = PBXFileReference; lastKnownFileType = sourcecode.swift; path = PersistenceHelper.swift; sourceTree = "<group>"; };
		4D40F11223749B1600B7C04B /* DetailVC.swift */ = {isa = PBXFileReference; lastKnownFileType = sourcecode.swift; path = DetailVC.swift; sourceTree = "<group>"; };
		4D40F11423749E4C00B7C04B /* Collections.swift */ = {isa = PBXFileReference; lastKnownFileType = sourcecode.swift; path = Collections.swift; sourceTree = "<group>"; };
		4D40F11623749F5C00B7C04B /* CollectionPersistence.swift */ = {isa = PBXFileReference; lastKnownFileType = sourcecode.swift; path = CollectionPersistence.swift; sourceTree = "<group>"; };
		4D53A3132374C0120002D7B7 /* AddOrCreateVC.swift */ = {isa = PBXFileReference; lastKnownFileType = sourcecode.swift; path = AddOrCreateVC.swift; sourceTree = "<group>"; };
		4D53A3152374CA4F0002D7B7 /* CollectionsCell.swift */ = {isa = PBXFileReference; lastKnownFileType = sourcecode.swift; path = CollectionsCell.swift; sourceTree = "<group>"; };
		4D67DE492370983F008D1167 /* FoursquaresMap.app */ = {isa = PBXFileReference; explicitFileType = wrapper.application; includeInIndex = 0; path = FoursquaresMap.app; sourceTree = BUILT_PRODUCTS_DIR; };
		4D67DE4C2370983F008D1167 /* AppDelegate.swift */ = {isa = PBXFileReference; lastKnownFileType = sourcecode.swift; path = AppDelegate.swift; sourceTree = "<group>"; };
		4D67DE4E2370983F008D1167 /* SceneDelegate.swift */ = {isa = PBXFileReference; lastKnownFileType = sourcecode.swift; path = SceneDelegate.swift; sourceTree = "<group>"; };
		4D67DE502370983F008D1167 /* ViewController.swift */ = {isa = PBXFileReference; lastKnownFileType = sourcecode.swift; path = ViewController.swift; sourceTree = "<group>"; };
		4D67DE532370983F008D1167 /* Base */ = {isa = PBXFileReference; lastKnownFileType = file.storyboard; name = Base; path = Base.lproj/Main.storyboard; sourceTree = "<group>"; };
		4D67DE5523709841008D1167 /* Assets.xcassets */ = {isa = PBXFileReference; lastKnownFileType = folder.assetcatalog; path = Assets.xcassets; sourceTree = "<group>"; };
		4D67DE5823709841008D1167 /* Base */ = {isa = PBXFileReference; lastKnownFileType = file.storyboard; name = Base; path = Base.lproj/LaunchScreen.storyboard; sourceTree = "<group>"; };
		4D67DE5A23709841008D1167 /* Info.plist */ = {isa = PBXFileReference; lastKnownFileType = text.plist.xml; path = Info.plist; sourceTree = "<group>"; };
		4D67DE5F23709841008D1167 /* FoursquaresMapTests.xctest */ = {isa = PBXFileReference; explicitFileType = wrapper.cfbundle; includeInIndex = 0; path = FoursquaresMapTests.xctest; sourceTree = BUILT_PRODUCTS_DIR; };
		4D67DE6323709841008D1167 /* FoursquaresMapTests.swift */ = {isa = PBXFileReference; lastKnownFileType = sourcecode.swift; path = FoursquaresMapTests.swift; sourceTree = "<group>"; };
		4D67DE6523709841008D1167 /* Info.plist */ = {isa = PBXFileReference; lastKnownFileType = text.plist.xml; path = Info.plist; sourceTree = "<group>"; };
		4D67DE6E237098D2008D1167 /* Secrets.swift */ = {isa = PBXFileReference; lastKnownFileType = sourcecode.swift; path = Secrets.swift; sourceTree = "<group>"; };
		4D67DE732370AF01008D1167 /* CollectionsViewController.swift */ = {isa = PBXFileReference; lastKnownFileType = sourcecode.swift; path = CollectionsViewController.swift; sourceTree = "<group>"; };
		4DBF74232370C1E400B10DA1 /* AppError.swift */ = {isa = PBXFileReference; lastKnownFileType = sourcecode.swift; path = AppError.swift; sourceTree = "<group>"; };
		4DBF74252370C21A00B10DA1 /* NetworkHelper.swift */ = {isa = PBXFileReference; lastKnownFileType = sourcecode.swift; path = NetworkHelper.swift; sourceTree = "<group>"; };
		4DBF74272370C26300B10DA1 /* FourSquareVenues.swift */ = {isa = PBXFileReference; lastKnownFileType = sourcecode.swift; path = FourSquareVenues.swift; sourceTree = "<group>"; };
		4DBF74292370C34400B10DA1 /* VenuePhotos.swift */ = {isa = PBXFileReference; lastKnownFileType = sourcecode.swift; path = VenuePhotos.swift; sourceTree = "<group>"; };
		4DBF742B2370C48400B10DA1 /* FourSquaresAPIClient.swift */ = {isa = PBXFileReference; lastKnownFileType = sourcecode.swift; path = FourSquaresAPIClient.swift; sourceTree = "<group>"; };
		4DDBEF282375FC9D00698A7E /* Protocol.swift */ = {isa = PBXFileReference; lastKnownFileType = sourcecode.swift; path = Protocol.swift; sourceTree = "<group>"; };
/* End PBXFileReference section */

/* Begin PBXFrameworksBuildPhase section */
		4D67DE462370983F008D1167 /* Frameworks */ = {
			isa = PBXFrameworksBuildPhase;
			buildActionMask = 2147483647;
			files = (
			);
			runOnlyForDeploymentPostprocessing = 0;
		};
		4D67DE5C23709841008D1167 /* Frameworks */ = {
			isa = PBXFrameworksBuildPhase;
			buildActionMask = 2147483647;
			files = (
			);
			runOnlyForDeploymentPostprocessing = 0;
		};
/* End PBXFrameworksBuildPhase section */

/* Begin PBXGroup section */
		4D67DE402370983F008D1167 = {
			isa = PBXGroup;
			children = (
				4D67DE4B2370983F008D1167 /* FoursquaresMap */,
				4D67DE6223709841008D1167 /* FoursquaresMapTests */,
				4D67DE4A2370983F008D1167 /* Products */,
			);
			sourceTree = "<group>";
		};
		4D67DE4A2370983F008D1167 /* Products */ = {
			isa = PBXGroup;
			children = (
				4D67DE492370983F008D1167 /* FoursquaresMap.app */,
				4D67DE5F23709841008D1167 /* FoursquaresMapTests.xctest */,
			);
			name = Products;
			sourceTree = "<group>";
		};
		4D67DE4B2370983F008D1167 /* FoursquaresMap */ = {
			isa = PBXGroup;
			children = (
				4D67DE4C2370983F008D1167 /* AppDelegate.swift */,
				4D67DE4E2370983F008D1167 /* SceneDelegate.swift */,
				4D67DE7223709AA6008D1167 /* Models */,
				4D67DE7123709A99008D1167 /* Views */,
				4D67DE7023709A8B008D1167 /* Controllers */,
				4D67DE6E237098D2008D1167 /* Secrets.swift */,
				4D67DE522370983F008D1167 /* Main.storyboard */,
				4D67DE5523709841008D1167 /* Assets.xcassets */,
				4D67DE5723709841008D1167 /* LaunchScreen.storyboard */,
				4D67DE5A23709841008D1167 /* Info.plist */,
			);
			path = FoursquaresMap;
			sourceTree = "<group>";
		};
		4D67DE6223709841008D1167 /* FoursquaresMapTests */ = {
			isa = PBXGroup;
			children = (
				4D67DE6323709841008D1167 /* FoursquaresMapTests.swift */,
				4D67DE6523709841008D1167 /* Info.plist */,
			);
			path = FoursquaresMapTests;
			sourceTree = "<group>";
		};
		4D67DE7023709A8B008D1167 /* Controllers */ = {
			isa = PBXGroup;
			children = (
				4D67DE502370983F008D1167 /* ViewController.swift */,
				4D40F11223749B1600B7C04B /* DetailVC.swift */,
				4D53A3132374C0120002D7B7 /* AddOrCreateVC.swift */,
				4D40F0D42373802A00B7C04B /* VenueTableVC.swift */,
				4D67DE732370AF01008D1167 /* CollectionsViewController.swift */,
			);
			path = Controllers;
			sourceTree = "<group>";
		};
		4D67DE7123709A99008D1167 /* Views */ = {
			isa = PBXGroup;
			children = (
				4D384764237365C00014902D /* MapCollectionCell.swift */,
				4D40F0D6237380AD00B7C04B /* VenueTableCell.swift */,
				4D53A3152374CA4F0002D7B7 /* CollectionsCell.swift */,
			);
			path = Views;
			sourceTree = "<group>";
		};
		4D67DE7223709AA6008D1167 /* Models */ = {
			isa = PBXGroup;
			children = (
				4DBF74232370C1E400B10DA1 /* AppError.swift */,
				4DBF74252370C21A00B10DA1 /* NetworkHelper.swift */,
				4D40F11023748E7700B7C04B /* PersistenceHelper.swift */,
				4D40F11623749F5C00B7C04B /* CollectionPersistence.swift */,
				4D40F11423749E4C00B7C04B /* Collections.swift */,
				4DBF74272370C26300B10DA1 /* FourSquareVenues.swift */,
				4DBF74292370C34400B10DA1 /* VenuePhotos.swift */,
				4DBF742B2370C48400B10DA1 /* FourSquaresAPIClient.swift */,
				4DDBEF282375FC9D00698A7E /* Protocol.swift */,
			);
			path = Models;
			sourceTree = "<group>";
		};
/* End PBXGroup section */

/* Begin PBXNativeTarget section */
		4D67DE482370983F008D1167 /* FoursquaresMap */ = {
			isa = PBXNativeTarget;
			buildConfigurationList = 4D67DE6823709841008D1167 /* Build configuration list for PBXNativeTarget "FoursquaresMap" */;
			buildPhases = (
				4D67DE452370983F008D1167 /* Sources */,
				4D67DE462370983F008D1167 /* Frameworks */,
				4D67DE472370983F008D1167 /* Resources */,
			);
			buildRules = (
			);
			dependencies = (
			);
			name = FoursquaresMap;
			productName = FoursquaresMap;
			productReference = 4D67DE492370983F008D1167 /* FoursquaresMap.app */;
			productType = "com.apple.product-type.application";
		};
		4D67DE5E23709841008D1167 /* FoursquaresMapTests */ = {
			isa = PBXNativeTarget;
			buildConfigurationList = 4D67DE6B23709841008D1167 /* Build configuration list for PBXNativeTarget "FoursquaresMapTests" */;
			buildPhases = (
				4D67DE5B23709841008D1167 /* Sources */,
				4D67DE5C23709841008D1167 /* Frameworks */,
				4D67DE5D23709841008D1167 /* Resources */,
			);
			buildRules = (
			);
			dependencies = (
				4D67DE6123709841008D1167 /* PBXTargetDependency */,
			);
			name = FoursquaresMapTests;
			productName = FoursquaresMapTests;
			productReference = 4D67DE5F23709841008D1167 /* FoursquaresMapTests.xctest */;
			productType = "com.apple.product-type.bundle.unit-test";
		};
/* End PBXNativeTarget section */

/* Begin PBXProject section */
		4D67DE412370983F008D1167 /* Project object */ = {
			isa = PBXProject;
			attributes = {
				LastSwiftUpdateCheck = 1100;
				LastUpgradeCheck = 1100;
				ORGANIZATIONNAME = "Angela Garrovillas";
				TargetAttributes = {
					4D67DE482370983F008D1167 = {
						CreatedOnToolsVersion = 11.0;
					};
					4D67DE5E23709841008D1167 = {
						CreatedOnToolsVersion = 11.0;
						TestTargetID = 4D67DE482370983F008D1167;
					};
				};
			};
			buildConfigurationList = 4D67DE442370983F008D1167 /* Build configuration list for PBXProject "FoursquaresMap" */;
			compatibilityVersion = "Xcode 9.3";
			developmentRegion = en;
			hasScannedForEncodings = 0;
			knownRegions = (
				en,
				Base,
			);
			mainGroup = 4D67DE402370983F008D1167;
			productRefGroup = 4D67DE4A2370983F008D1167 /* Products */;
			projectDirPath = "";
			projectRoot = "";
			targets = (
				4D67DE482370983F008D1167 /* FoursquaresMap */,
				4D67DE5E23709841008D1167 /* FoursquaresMapTests */,
			);
		};
/* End PBXProject section */

/* Begin PBXResourcesBuildPhase section */
		4D67DE472370983F008D1167 /* Resources */ = {
			isa = PBXResourcesBuildPhase;
			buildActionMask = 2147483647;
			files = (
				4D67DE5923709841008D1167 /* LaunchScreen.storyboard in Resources */,
				4D67DE5623709841008D1167 /* Assets.xcassets in Resources */,
				4D67DE542370983F008D1167 /* Main.storyboard in Resources */,
			);
			runOnlyForDeploymentPostprocessing = 0;
		};
		4D67DE5D23709841008D1167 /* Resources */ = {
			isa = PBXResourcesBuildPhase;
			buildActionMask = 2147483647;
			files = (
			);
			runOnlyForDeploymentPostprocessing = 0;
		};
/* End PBXResourcesBuildPhase section */

/* Begin PBXSourcesBuildPhase section */
		4D67DE452370983F008D1167 /* Sources */ = {
			isa = PBXSourcesBuildPhase;
			buildActionMask = 2147483647;
			files = (
				4DBF74282370C26300B10DA1 /* FourSquareVenues.swift in Sources */,
				4DBF74262370C21A00B10DA1 /* NetworkHelper.swift in Sources */,
				4D67DE512370983F008D1167 /* ViewController.swift in Sources */,
				4DBF742A2370C34400B10DA1 /* VenuePhotos.swift in Sources */,
				4D40F11723749F5C00B7C04B /* CollectionPersistence.swift in Sources */,
				4D53A3162374CA4F0002D7B7 /* CollectionsCell.swift in Sources */,
				4D67DE6F237098D2008D1167 /* Secrets.swift in Sources */,
				4D40F11323749B1600B7C04B /* DetailVC.swift in Sources */,
				4DBF74242370C1E400B10DA1 /* AppError.swift in Sources */,
				4DBF742C2370C48400B10DA1 /* FourSquaresAPIClient.swift in Sources */,
				4D40F11123748E7700B7C04B /* PersistenceHelper.swift in Sources */,
				4D40F0D7237380AD00B7C04B /* VenueTableCell.swift in Sources */,
				4D67DE742370AF01008D1167 /* CollectionsViewController.swift in Sources */,
				4D40F11523749E4C00B7C04B /* Collections.swift in Sources */,
				4D53A3142374C0120002D7B7 /* AddOrCreateVC.swift in Sources */,
				4D67DE4D2370983F008D1167 /* AppDelegate.swift in Sources */,
				4D40F0D52373802A00B7C04B /* VenueTableVC.swift in Sources */,
				4D67DE4F2370983F008D1167 /* SceneDelegate.swift in Sources */,
				4D384765237365C00014902D /* MapCollectionCell.swift in Sources */,
				4DDBEF292375FC9D00698A7E /* Protocol.swift in Sources */,
			);
			runOnlyForDeploymentPostprocessing = 0;
		};
		4D67DE5B23709841008D1167 /* Sources */ = {
			isa = PBXSourcesBuildPhase;
			buildActionMask = 2147483647;
			files = (
				4D67DE6423709841008D1167 /* FoursquaresMapTests.swift in Sources */,
				4DDBEF2A2375FFD800698A7E /* Collections.swift in Sources */,
				4DDBEF2B2375FFEA00698A7E /* FourSquareVenues.swift in Sources */,
			);
			runOnlyForDeploymentPostprocessing = 0;
		};
/* End PBXSourcesBuildPhase section */

/* Begin PBXTargetDependency section */
		4D67DE6123709841008D1167 /* PBXTargetDependency */ = {
			isa = PBXTargetDependency;
			target = 4D67DE482370983F008D1167 /* FoursquaresMap */;
			targetProxy = 4D67DE6023709841008D1167 /* PBXContainerItemProxy */;
		};
/* End PBXTargetDependency section */

/* Begin PBXVariantGroup section */
		4D67DE522370983F008D1167 /* Main.storyboard */ = {
			isa = PBXVariantGroup;
			children = (
				4D67DE532370983F008D1167 /* Base */,
			);
			name = Main.storyboard;
			sourceTree = "<group>";
		};
		4D67DE5723709841008D1167 /* LaunchScreen.storyboard */ = {
			isa = PBXVariantGroup;
			children = (
				4D67DE5823709841008D1167 /* Base */,
			);
			name = LaunchScreen.storyboard;
			sourceTree = "<group>";
		};
/* End PBXVariantGroup section */

/* Begin XCBuildConfiguration section */
		4D67DE6623709841008D1167 /* Debug */ = {
			isa = XCBuildConfiguration;
			buildSettings = {
				ALWAYS_SEARCH_USER_PATHS = NO;
				CLANG_ANALYZER_NONNULL = YES;
				CLANG_ANALYZER_NUMBER_OBJECT_CONVERSION = YES_AGGRESSIVE;
				CLANG_CXX_LANGUAGE_STANDARD = "gnu++14";
				CLANG_CXX_LIBRARY = "libc++";
				CLANG_ENABLE_MODULES = YES;
				CLANG_ENABLE_OBJC_ARC = YES;
				CLANG_ENABLE_OBJC_WEAK = YES;
				CLANG_WARN_BLOCK_CAPTURE_AUTORELEASING = YES;
				CLANG_WARN_BOOL_CONVERSION = YES;
				CLANG_WARN_COMMA = YES;
				CLANG_WARN_CONSTANT_CONVERSION = YES;
				CLANG_WARN_DEPRECATED_OBJC_IMPLEMENTATIONS = YES;
				CLANG_WARN_DIRECT_OBJC_ISA_USAGE = YES_ERROR;
				CLANG_WARN_DOCUMENTATION_COMMENTS = YES;
				CLANG_WARN_EMPTY_BODY = YES;
				CLANG_WARN_ENUM_CONVERSION = YES;
				CLANG_WARN_INFINITE_RECURSION = YES;
				CLANG_WARN_INT_CONVERSION = YES;
				CLANG_WARN_NON_LITERAL_NULL_CONVERSION = YES;
				CLANG_WARN_OBJC_IMPLICIT_RETAIN_SELF = YES;
				CLANG_WARN_OBJC_LITERAL_CONVERSION = YES;
				CLANG_WARN_OBJC_ROOT_CLASS = YES_ERROR;
				CLANG_WARN_RANGE_LOOP_ANALYSIS = YES;
				CLANG_WARN_STRICT_PROTOTYPES = YES;
				CLANG_WARN_SUSPICIOUS_MOVE = YES;
				CLANG_WARN_UNGUARDED_AVAILABILITY = YES_AGGRESSIVE;
				CLANG_WARN_UNREACHABLE_CODE = YES;
				CLANG_WARN__DUPLICATE_METHOD_MATCH = YES;
				COPY_PHASE_STRIP = NO;
				DEBUG_INFORMATION_FORMAT = dwarf;
				ENABLE_STRICT_OBJC_MSGSEND = YES;
				ENABLE_TESTABILITY = YES;
				GCC_C_LANGUAGE_STANDARD = gnu11;
				GCC_DYNAMIC_NO_PIC = NO;
				GCC_NO_COMMON_BLOCKS = YES;
				GCC_OPTIMIZATION_LEVEL = 0;
				GCC_PREPROCESSOR_DEFINITIONS = (
					"DEBUG=1",
					"$(inherited)",
				);
				GCC_WARN_64_TO_32_BIT_CONVERSION = YES;
				GCC_WARN_ABOUT_RETURN_TYPE = YES_ERROR;
				GCC_WARN_UNDECLARED_SELECTOR = YES;
				GCC_WARN_UNINITIALIZED_AUTOS = YES_AGGRESSIVE;
				GCC_WARN_UNUSED_FUNCTION = YES;
				GCC_WARN_UNUSED_VARIABLE = YES;
				IPHONEOS_DEPLOYMENT_TARGET = 13.0;
				MTL_ENABLE_DEBUG_INFO = INCLUDE_SOURCE;
				MTL_FAST_MATH = YES;
				ONLY_ACTIVE_ARCH = YES;
				SDKROOT = iphoneos;
				SWIFT_ACTIVE_COMPILATION_CONDITIONS = DEBUG;
				SWIFT_OPTIMIZATION_LEVEL = "-Onone";
			};
			name = Debug;
		};
		4D67DE6723709841008D1167 /* Release */ = {
			isa = XCBuildConfiguration;
			buildSettings = {
				ALWAYS_SEARCH_USER_PATHS = NO;
				CLANG_ANALYZER_NONNULL = YES;
				CLANG_ANALYZER_NUMBER_OBJECT_CONVERSION = YES_AGGRESSIVE;
				CLANG_CXX_LANGUAGE_STANDARD = "gnu++14";
				CLANG_CXX_LIBRARY = "libc++";
				CLANG_ENABLE_MODULES = YES;
				CLANG_ENABLE_OBJC_ARC = YES;
				CLANG_ENABLE_OBJC_WEAK = YES;
				CLANG_WARN_BLOCK_CAPTURE_AUTORELEASING = YES;
				CLANG_WARN_BOOL_CONVERSION = YES;
				CLANG_WARN_COMMA = YES;
				CLANG_WARN_CONSTANT_CONVERSION = YES;
				CLANG_WARN_DEPRECATED_OBJC_IMPLEMENTATIONS = YES;
				CLANG_WARN_DIRECT_OBJC_ISA_USAGE = YES_ERROR;
				CLANG_WARN_DOCUMENTATION_COMMENTS = YES;
				CLANG_WARN_EMPTY_BODY = YES;
				CLANG_WARN_ENUM_CONVERSION = YES;
				CLANG_WARN_INFINITE_RECURSION = YES;
				CLANG_WARN_INT_CONVERSION = YES;
				CLANG_WARN_NON_LITERAL_NULL_CONVERSION = YES;
				CLANG_WARN_OBJC_IMPLICIT_RETAIN_SELF = YES;
				CLANG_WARN_OBJC_LITERAL_CONVERSION = YES;
				CLANG_WARN_OBJC_ROOT_CLASS = YES_ERROR;
				CLANG_WARN_RANGE_LOOP_ANALYSIS = YES;
				CLANG_WARN_STRICT_PROTOTYPES = YES;
				CLANG_WARN_SUSPICIOUS_MOVE = YES;
				CLANG_WARN_UNGUARDED_AVAILABILITY = YES_AGGRESSIVE;
				CLANG_WARN_UNREACHABLE_CODE = YES;
				CLANG_WARN__DUPLICATE_METHOD_MATCH = YES;
				COPY_PHASE_STRIP = NO;
				DEBUG_INFORMATION_FORMAT = "dwarf-with-dsym";
				ENABLE_NS_ASSERTIONS = NO;
				ENABLE_STRICT_OBJC_MSGSEND = YES;
				GCC_C_LANGUAGE_STANDARD = gnu11;
				GCC_NO_COMMON_BLOCKS = YES;
				GCC_WARN_64_TO_32_BIT_CONVERSION = YES;
				GCC_WARN_ABOUT_RETURN_TYPE = YES_ERROR;
				GCC_WARN_UNDECLARED_SELECTOR = YES;
				GCC_WARN_UNINITIALIZED_AUTOS = YES_AGGRESSIVE;
				GCC_WARN_UNUSED_FUNCTION = YES;
				GCC_WARN_UNUSED_VARIABLE = YES;
				IPHONEOS_DEPLOYMENT_TARGET = 13.0;
				MTL_ENABLE_DEBUG_INFO = NO;
				MTL_FAST_MATH = YES;
				SDKROOT = iphoneos;
				SWIFT_COMPILATION_MODE = wholemodule;
				SWIFT_OPTIMIZATION_LEVEL = "-O";
				VALIDATE_PRODUCT = YES;
			};
			name = Release;
		};
		4D67DE6923709841008D1167 /* Debug */ = {
			isa = XCBuildConfiguration;
			buildSettings = {
				ASSETCATALOG_COMPILER_APPICON_NAME = AppIcon;
				CODE_SIGN_STYLE = Automatic;
				INFOPLIST_FILE = FoursquaresMap/Info.plist;
				LD_RUNPATH_SEARCH_PATHS = (
					"$(inherited)",
					"@executable_path/Frameworks",
				);
				PRODUCT_BUNDLE_IDENTIFIER = flPafRsnOsJ.FoursquaresMap;
				PRODUCT_NAME = "$(TARGET_NAME)";
				SWIFT_VERSION = 5.0;
				TARGETED_DEVICE_FAMILY = "1,2";
			};
			name = Debug;
		};
		4D67DE6A23709841008D1167 /* Release */ = {
			isa = XCBuildConfiguration;
			buildSettings = {
				ASSETCATALOG_COMPILER_APPICON_NAME = AppIcon;
				CODE_SIGN_STYLE = Automatic;
				INFOPLIST_FILE = FoursquaresMap/Info.plist;
				LD_RUNPATH_SEARCH_PATHS = (
					"$(inherited)",
					"@executable_path/Frameworks",
				);
				PRODUCT_BUNDLE_IDENTIFIER = flPafRsnOsJ.FoursquaresMap;
				PRODUCT_NAME = "$(TARGET_NAME)";
				SWIFT_VERSION = 5.0;
				TARGETED_DEVICE_FAMILY = "1,2";
			};
			name = Release;
		};
		4D67DE6C23709841008D1167 /* Debug */ = {
			isa = XCBuildConfiguration;
			buildSettings = {
				ALWAYS_EMBED_SWIFT_STANDARD_LIBRARIES = YES;
				BUNDLE_LOADER = "$(TEST_HOST)";
				CODE_SIGN_STYLE = Automatic;
				INFOPLIST_FILE = FoursquaresMapTests/Info.plist;
				IPHONEOS_DEPLOYMENT_TARGET = 13.0;
				LD_RUNPATH_SEARCH_PATHS = (
					"$(inherited)",
					"@executable_path/Frameworks",
					"@loader_path/Frameworks",
				);
				PRODUCT_BUNDLE_IDENTIFIER = flPafRsnOsJ.FoursquaresMapTests;
				PRODUCT_NAME = "$(TARGET_NAME)";
				SWIFT_VERSION = 5.0;
				TARGETED_DEVICE_FAMILY = "1,2";
				TEST_HOST = "$(BUILT_PRODUCTS_DIR)/FoursquaresMap.app/FoursquaresMap";
			};
			name = Debug;
		};
		4D67DE6D23709841008D1167 /* Release */ = {
			isa = XCBuildConfiguration;
			buildSettings = {
				ALWAYS_EMBED_SWIFT_STANDARD_LIBRARIES = YES;
				BUNDLE_LOADER = "$(TEST_HOST)";
				CODE_SIGN_STYLE = Automatic;
				INFOPLIST_FILE = FoursquaresMapTests/Info.plist;
				IPHONEOS_DEPLOYMENT_TARGET = 13.0;
				LD_RUNPATH_SEARCH_PATHS = (
					"$(inherited)",
					"@executable_path/Frameworks",
					"@loader_path/Frameworks",
				);
				PRODUCT_BUNDLE_IDENTIFIER = flPafRsnOsJ.FoursquaresMapTests;
				PRODUCT_NAME = "$(TARGET_NAME)";
				SWIFT_VERSION = 5.0;
				TARGETED_DEVICE_FAMILY = "1,2";
				TEST_HOST = "$(BUILT_PRODUCTS_DIR)/FoursquaresMap.app/FoursquaresMap";
			};
			name = Release;
		};
/* End XCBuildConfiguration section */

/* Begin XCConfigurationList section */
		4D67DE442370983F008D1167 /* Build configuration list for PBXProject "FoursquaresMap" */ = {
			isa = XCConfigurationList;
			buildConfigurations = (
				4D67DE6623709841008D1167 /* Debug */,
				4D67DE6723709841008D1167 /* Release */,
			);
			defaultConfigurationIsVisible = 0;
			defaultConfigurationName = Release;
		};
		4D67DE6823709841008D1167 /* Build configuration list for PBXNativeTarget "FoursquaresMap" */ = {
			isa = XCConfigurationList;
			buildConfigurations = (
				4D67DE6923709841008D1167 /* Debug */,
				4D67DE6A23709841008D1167 /* Release */,
			);
			defaultConfigurationIsVisible = 0;
			defaultConfigurationName = Release;
		};
		4D67DE6B23709841008D1167 /* Build configuration list for PBXNativeTarget "FoursquaresMapTests" */ = {
			isa = XCConfigurationList;
			buildConfigurations = (
				4D67DE6C23709841008D1167 /* Debug */,
				4D67DE6D23709841008D1167 /* Release */,
			);
			defaultConfigurationIsVisible = 0;
			defaultConfigurationName = Release;
		};
/* End XCConfigurationList section */
	};
	rootObject = 4D67DE412370983F008D1167 /* Project object */;
}
